# @generated - this file is auto-generated by `mise lock` https://mise.jdx.dev/dev-tools/mise-lock.html

lockfile_version = 1

[[tools."aqua:anomalyco/opencode"]]
version = "1.18.25"
backend = "aqua:anomalyco/opencode"
specifiers = ["latest"]

[tools."aqua:anomalyco/opencode"."platforms.linux-arm64"]
checksum = "sha256:35ef77897425e41b5183a2c21ac4fb1d4d944d82a94e3c920f57b5490af11ac5"
url = "https://github.com/anomalyco/opencode/releases/download/v1.18.25/opencode-linux-arm64.tar.gz"
url_api = "https://api.github.com/repos/anomalyco/opencode/releases/assets/533313415"

[tools."aqua:anomalyco/opencode"."platforms.linux-x64"]
checksum = "sha256:58a3729a6f3432dd6d2917fcc4a949788891a035818646ad480e12c947f56e78"
url = "https://github.com/anomalyco/opencode/releases/download/v1.18.25/opencode-linux-x64.tar.gz"
url_api = "https://api.github.com/repos/anomalyco/opencode/releases/assets/533313461"

[tools."aqua:anomalyco/opencode"."platforms.macos-arm64"]
checksum = "sha256:606b09722d98069605e16037fb8c3c7c8ebbfed9ba713079a5efb2e5b065ae27"
url = "https://github.com/anomalyco/opencode/releases/download/v1.18.25/opencode-darwin-arm64.zip"
url_api = "https://api.github.com/repos/anomalyco/opencode/releases/assets/533313310"

[tools."aqua:anomalyco/opencode"."platforms.macos-x64"]
checksum = "sha256:6c5c569f779b197e1df6390c62278bbdf0e73e7cc248a429648680c63a6f3f1c"
url = "https://github.com/anomalyco/opencode/releases/download/v1.18.25/opencode-darwin-x64.zip"
url_api = "https://api.github.com/repos/anomalyco/opencode/releases/assets/533313312"

[[tools."aqua:ollama/ollama"]]
version = "0.33.2"
backend = "aqua:ollama/ollama"
specifiers = ["latest"]

[tools."aqua:ollama/ollama"."platforms.linux-arm64"]
checksum = "sha256:6c648fd62bc8ea18d19aeb0900a03ff2d6a1fc830d901348d070fb93aca4630e"
url = "https://github.com/ollama/ollama/releases/download/v0.33.2/ollama-linux-arm64.tar.zst"
url_api = "https://api.github.com/repos/ollama/ollama/releases/assets/534301529"

[tools."aqua:ollama/ollama"."platforms.linux-x64"]
checksum = "sha256:9785247dea264d9072f09f6c9c0eb4b8e666892826a3d8388eba3e8fb9ed1db9"
url = "https://github.com/ollama/ollama/releases/download/v0.33.2/ollama-linux-amd64.tar.zst"
url_api = "https://api.github.com/repos/ollama/ollama/releases/assets/534301446"

[tools."aqua:ollama/ollama"."platforms.macos-arm64"]
checksum = "sha256:5751e296a2cd545939bdd51b700de0c20d319f0e723c9d7f48bebb5ab0b731d4"
url = "https://github.com/ollama/ollama/releases/download/v0.33.2/ollama-darwin.tgz"
url_api = "https://api.github.com/repos/ollama/ollama/releases/assets/534301388"

[tools."aqua:ollama/ollama"."platforms.macos-x64"]
checksum = "sha256:5751e296a2cd545939bdd51b700de0c20d319f0e723c9d7f48bebb5ab0b731d4"
url = "https://github.com/ollama/ollama/releases/download/v0.33.2/ollama-darwin.tgz"
url_api = "https://api.github.com/repos/ollama/ollama/releases/assets/534301388"

[[tools."github:can1357/oh-my-pi"]]
version = "17.2.12"
backend = "github:can1357/oh-my-pi"
specifiers = ["latest"]

[tools."github:can1357/oh-my-pi"."platforms.linux-arm64"]
checksum = "sha256:f176edf8174db252abe1aa6e84df284e1b83b8dd7ef34ac7faf7884a5e172a4c"
url = "https://github.com/can1357/oh-my-pi/releases/download/v17.2.12/omp-linux-arm64"
url_api = "https://api.github.com/repos/can1357/oh-my-pi/releases/assets/506969037"

[tools."github:can1357/oh-my-pi"."platforms.linux-x64"]
checksum = "sha256:6c75331bf09d5a9e9433bd592b3ee993d751a15d5b7450c1a334cc0684996f30"
url = "https://github.com/can1357/oh-my-pi/releases/download/v17.2.12/omp-linux-x64"
url_api = "https://api.github.com/repos/can1357/oh-my-pi/releases/assets/506969033"

[tools."github:can1357/oh-my-pi"."platforms.macos-arm64"]
checksum = "sha256:ab4ff24c8ba3ae6fd9d4b54969c94f4408cc316675f5534729ae502d8c97df74"
url = "https://github.com/can1357/oh-my-pi/releases/download/v17.2.12/omp-darwin-arm64"
url_api = "https://api.github.com/repos/can1357/oh-my-pi/releases/assets/506969040"

[tools."github:can1357/oh-my-pi"."platforms.macos-x64"]
checksum = "sha256:ede51625873bb7e59200711ebe44b775919a18b46fe927995a41f9315a9c96aa"
url = "https://github.com/can1357/oh-my-pi/releases/download/v17.2.12/omp-darwin-x64"
url_api = "https://api.github.com/repos/can1357/oh-my-pi/releases/assets/506969036"

[[tools."go:meat.dev/cmd/meat"]]
version = "v0.0.0-20260803201634-f39f41dfe7b5"
backend = "go:meat.dev/cmd/meat"
specifiers = ["v0.0.0-20260803201634-f39f41dfe7b5"]

[[tools."npm:@playwright/cli"]]
version = "0.1.18"
backend = "npm:@playwright/cli"
specifiers = ["latest"]

[[tools."npm:@tanstack/cli"]]
version = "0.70.2"
backend = "npm:@tanstack/cli"
specifiers = ["latest"]

[[tools."npm:agent-browser"]]
version = "0.33.2"
backend = "npm:agent-browser"
specifiers = ["latest"]

[[tools."npm:calldiff"]]
version = "0.4.1"
backend = "npm:calldiff"
specifiers = ["latest"]

[[tools."npm:dev3000"]]
version = "0.0.178"
backend = "npm:dev3000"
specifiers = ["latest"]

[[tools."npm:hunkdiff"]]
version = "0.18.0"
backend = "npm:hunkdiff"
specifiers = ["latest"]

[[tools."npm:portless"]]
version = "0.15.5"
backend = "npm:portless"
specifiers = ["latest"]

[[tools."npm:sharp-cli"]]
version = "5.2.0"
backend = "npm:sharp-cli"
specifiers = ["latest"]

[[tools."npm:svgo"]]
version = "4.0.2"
backend = "npm:svgo"
specifiers = ["latest"]
